
Microsoft Visual Studio Solution File, Format Version 12.00
# Visual Studio 15
VisualStudioVersion = 15.0.27703.2026
MinimumVisualStudioVersion = 10.0.40219.1
Project("{9A19103F-16F7-4668-BE54-9A1E7A4F7556}") = "Westwind.HtmlPackager", "Westwind.HtmlPackager\Westwind.HtmlPackager.csproj", "{7AB3AD81-A9AB-4F73-A8CE-7296762E00B3}"
EndProject
Project("{9A19103F-16F7-4668-BE54-9A1E7A4F7556}") = "Westwind.HtmlPackager.Test", "Westwind.HtmlPackager.Test\Westwind.HtmlPackager.Test\Westwind.HtmlPackager.Test.csproj", "{625D256C-94D1-4854-9E45-DA8BED5E8FB0}"
EndProject
Project("{FAE04EC0-301F-11D3-BF4B-00C04F79EFBC}") = "HtmlPackagerConsole", "HtmlPackagerConsole\HtmlPackagerConsole.csproj", "{12C8C5C3-E7AF-484F-AA70-EA98A27E2B32}"
EndProject
Project("{2150E333-8FDC-42A3-9474-1A3956D46DE8}") = "Solution Items", "Solution Items", "{719FA7E6-B8BD-4EA4-8B7E-D91A551D4B5A}"
	ProjectSection(SolutionItems) = preProject
		Install\build.ps1 = Install\build.ps1
		README.md = README.md
	EndProjectSection
EndProject
Project("{2150E333-8FDC-42A3-9474-1A3956D46DE8}") = "Chocolatey", "Chocolatey", "{F808399E-D4D2-4488-8B49-58B2A04174EC}"
	ProjectSection(SolutionItems) = preProject
		Chocolatey\build.ps1 = Chocolatey\build.ps1
		Chocolatey\tools\chocolateyInstall.ps1 = Chocolatey\tools\chocolateyInstall.ps1
		Chocolatey\HtmlPackager.nuspec = Chocolatey\HtmlPackager.nuspec
	EndProjectSection
EndProject
Project("{FAE04EC0-301F-11D3-BF4B-00C04F79EFBC}") = "HtmlPackager", "HtmlPackager\HtmlPackager.csproj", "{E5D311E0-CB34-4BF1-A9AC-9464B9AA2006}"
EndProject
Global
	GlobalSection(SolutionConfigurationPlatforms) = preSolution
		Debug|Any CPU = Debug|Any CPU
		Release|Any CPU = Release|Any CPU
	EndGlobalSection
	GlobalSection(ProjectConfigurationPlatforms) = postSolution
		{7AB3AD81-A9AB-4F73-A8CE-7296762E00B3}.Debug|Any CPU.ActiveCfg = Debug|Any CPU
		{7AB3AD81-A9AB-4F73-A8CE-7296762E00B3}.Debug|Any CPU.Build.0 = Debug|Any CPU
		{7AB3AD81-A9AB-4F73-A8CE-7296762E00B3}.Release|Any CPU.ActiveCfg = Release|Any CPU
		{7AB3AD81-A9AB-4F73-A8CE-7296762E00B3}.Release|Any CPU.Build.0 = Release|Any CPU
		{625D256C-94D1-4854-9E45-DA8BED5E8FB0}.Debug|Any CPU.ActiveCfg = Debug|Any CPU
		{625D256C-94D1-4854-9E45-DA8BED5E8FB0}.Debug|Any CPU.Build.0 = Debug|Any CPU
		{625D256C-94D1-4854-9E45-DA8BED5E8FB0}.Release|Any CPU.ActiveCfg = Release|Any CPU
		{625D256C-94D1-4854-9E45-DA8BED5E8FB0}.Release|Any CPU.Build.0 = Release|Any CPU
		{12C8C5C3-E7AF-484F-AA70-EA98A27E2B32}.Debug|Any CPU.ActiveCfg = Debug|Any CPU
		{12C8C5C3-E7AF-484F-AA70-EA98A27E2B32}.Debug|Any CPU.Build.0 = Debug|Any CPU
		{12C8C5C3-E7AF-484F-AA70-EA98A27E2B32}.Release|Any CPU.ActiveCfg = Release|Any CPU
		{12C8C5C3-E7AF-484F-AA70-EA98A27E2B32}.Release|Any CPU.Build.0 = Release|Any CPU
		{E5D311E0-CB34-4BF1-A9AC-9464B9AA2006}.Debug|Any CPU.ActiveCfg = Debug|Any CPU
		{E5D311E0-CB34-4BF1-A9AC-9464B9AA2006}.Debug|Any CPU.Build.0 = Debug|Any CPU
		{E5D311E0-CB34-4BF1-A9AC-9464B9AA2006}.Release|Any CPU.ActiveCfg = Release|Any CPU
		{E5D311E0-CB34-4BF1-A9AC-9464B9AA2006}.Release|Any CPU.Build.0 = Release|Any CPU
	EndGlobalSection
	GlobalSection(SolutionProperties) = preSolution
		HideSolutionNode = FALSE
	EndGlobalSection
	GlobalSection(NestedProjects) = preSolution
		{F808399E-D4D2-4488-8B49-58B2A04174EC} = {719FA7E6-B8BD-4EA4-8B7E-D91A551D4B5A}
	EndGlobalSection
	GlobalSection(ExtensibilityGlobals) = postSolution
		SolutionGuid = {C9C9A2D6-677C-464A-9DA2-142C513E639A}
	EndGlobalSection
EndGlobal
