
Microsoft Visual Studio Solution File, Format Version 12.00
# Visual Studio 15
VisualStudioVersion = 15.0.27703.2026
MinimumVisualStudioVersion = 10.0.40219.1
Project("{9A19103F-16F7-4668-BE54-9A1E7A4F7556}") = "Westwind.HtmlPackager", "Westwind.HtmlPackager\Westwind.HtmlPackager.csproj", "{7AB3AD81-A9AB-4F73-A8CE-7296762E00B3}"
EndProject
Project("{FAE04EC0-301F-11D3-BF4B-00C04F79EFBC}") = "Westwind.HtmlPackager.Test", "Westwind.HtmlPackager.Test\Westwind.HtmlPackager.Test\Westwind.HtmlPackager.Test.csproj", "{625D256C-94D1-4854-9E45-DA8BED5E8FB0}"
EndProject
Global
	GlobalSection(SolutionConfigurationPlatforms) = preSolution
		Debug|Any CPU = Debug|Any CPU
		Release|Any CPU = Release|Any CPU
	EndGlobalSection
	GlobalSection(ProjectConfigurationPlatforms) = postSolution
		{7AB3AD81-A9AB-4F73-A8CE-7296762E00B3}.Debug|Any CPU.ActiveCfg = Debug|Any CPU
		{7AB3AD81-A9AB-4F73-A8CE-7296762E00B3}.Debug|Any CPU.Build.0 = Debug|Any CPU
		{7AB3AD81-A9AB-4F73-A8CE-7296762E00B3}.Release|Any CPU.ActiveCfg = Release|Any CPU
		{7AB3AD81-A9AB-4F73-A8CE-7296762E00B3}.Release|Any CPU.Build.0 = Release|Any CPU
		{625D256C-94D1-4854-9E45-DA8BED5E8FB0}.Debug|Any CPU.ActiveCfg = Debug|Any CPU
		{625D256C-94D1-4854-9E45-DA8BED5E8FB0}.Debug|Any CPU.Build.0 = Debug|Any CPU
		{625D256C-94D1-4854-9E45-DA8BED5E8FB0}.Release|Any CPU.ActiveCfg = Release|Any CPU
		{625D256C-94D1-4854-9E45-DA8BED5E8FB0}.Release|Any CPU.Build.0 = Release|Any CPU
	EndGlobalSection
	GlobalSection(SolutionProperties) = preSolution
		HideSolutionNode = FALSE
	EndGlobalSection
	GlobalSection(ExtensibilityGlobals) = postSolution
		SolutionGuid = {C9C9A2D6-677C-464A-9DA2-142C513E639A}
	EndGlobalSection
EndGlobal
